
Microsoft Visual Studio Solution File, Format Version 12.00
# Visual Studio Version 17
VisualStudioVersion = 17.14.36518.9 d17.14
MinimumVisualStudioVersion = 10.0.40219.1
Project("{FAE04EC0-301F-11D3-BF4B-00C04F79EFBC}") = "Project15MovingButton", "Project15MovingButton\Project15MovingButton.csproj", "{716F151B-EE09-4017-A6A8-79281EA0A308}"
EndProject
Global
	GlobalSection(SolutionConfigurationPlatforms) = preSolution
		Debug|Any CPU = Debug|Any CPU
		Release|Any CPU = Release|Any CPU
	EndGlobalSection
	GlobalSection(ProjectConfigurationPlatforms) = postSolution
		{716F151B-EE09-4017-A6A8-79281EA0A308}.Debug|Any CPU.ActiveCfg = Debug|Any CPU
		{716F151B-EE09-4017-A6A8-79281EA0A308}.Debug|Any CPU.Build.0 = Debug|Any CPU
		{716F151B-EE09-4017-A6A8-79281EA0A308}.Release|Any CPU.ActiveCfg = Release|Any CPU
		{716F151B-EE09-4017-A6A8-79281EA0A308}.Release|Any CPU.Build.0 = Release|Any CPU
	EndGlobalSection
	GlobalSection(SolutionProperties) = preSolution
		HideSolutionNode = FALSE
	EndGlobalSection
	GlobalSection(ExtensibilityGlobals) = postSolution
		SolutionGuid = {BF85DBDF-95B0-401F-B1DE-F4FC3C49F528}
	EndGlobalSection
EndGlobal
