
Microsoft Visual Studio Solution File, Format Version 12.00
# Visual Studio Version 17
VisualStudioVersion = 17.14.36518.9 d17.14
MinimumVisualStudioVersion = 10.0.40219.1
Project("{FAE04EC0-301F-11D3-BF4B-00C04F79EFBC}") = "ConsoleApp1", "ConsoleApp1\ConsoleApp1.csproj", "{5802DE23-BD42-4A3E-B193-65CC0DBAA908}"
EndProject
Global
	GlobalSection(SolutionConfigurationPlatforms) = preSolution
		Debug|Any CPU = Debug|Any CPU
		Release|Any CPU = Release|Any CPU
	EndGlobalSection
	GlobalSection(ProjectConfigurationPlatforms) = postSolution
		{5802DE23-BD42-4A3E-B193-65CC0DBAA908}.Debug|Any CPU.ActiveCfg = Debug|Any CPU
		{5802DE23-BD42-4A3E-B193-65CC0DBAA908}.Debug|Any CPU.Build.0 = Debug|Any CPU
		{5802DE23-BD42-4A3E-B193-65CC0DBAA908}.Release|Any CPU.ActiveCfg = Release|Any CPU
		{5802DE23-BD42-4A3E-B193-65CC0DBAA908}.Release|Any CPU.Build.0 = Release|Any CPU
	EndGlobalSection
	GlobalSection(SolutionProperties) = preSolution
		HideSolutionNode = FALSE
	EndGlobalSection
	GlobalSection(ExtensibilityGlobals) = postSolution
		SolutionGuid = {ECB6EC00-7EFE-4578-A80F-2B24490A8A63}
	EndGlobalSection
EndGlobal
